# @generated by Move, please check-in and do not edit manually.

[move]
version = 2
manifest_digest = "960F40569EC08DA233D79F9EB04BFF4A01F55DFEEC03C3EF3B8DB3A9AF12A096"
deps_digest = "F8BBB0CCB2491CA29A3DF03D6F92277A4F3574266507ACD77214D37ECA3F3082"
dependencies = [
  { name = "Sui" },
]

[[move.package]]
name = "MoveStdlib"
source = { git = "https://github.com/MystenLabs/sui.git", rev = "framework/mainnet", subdir = "crates/sui-framework/packages/move-stdlib" }

[[move.package]]
name = "Sui"
source = { git = "https://github.com/MystenLabs/sui.git", rev = "framework/mainnet", subdir = "crates/sui-framework/packages/sui-framework" }

dependencies = [
  { name = "MoveStdlib" },
]

[move.toolchain-version]
compiler-version = "1.33.0"
edition = "2024.beta"
flavor = "sui"

[env]

[env.testnet]
chain-id = "4c78adac"
original-published-id = "0x70643e2717be36f9ee5e1146b89ed9e8dc33d8521926415440bee2dbedadc6c3"
latest-published-id = "0x70643e2717be36f9ee5e1146b89ed9e8dc33d8521926415440bee2dbedadc6c3"
published-version = "1"

[env.mainnet]
chain-id = "35834a8a"
original-published-id = "0x37c743cc39c56ae6d0c56aa1d9f10a5afcdb384088491ad9a2cddd78583b7d2e"
latest-published-id = "0x37c743cc39c56ae6d0c56aa1d9f10a5afcdb384088491ad9a2cddd78583b7d2e"
published-version = "1"
